
Microsoft Visual Studio Solution File, Format Version 12.00
# Visual Studio 15
VisualStudioVersion = 15.0.26228.12
MinimumVisualStudioVersion = 10.0.40219.1
Project("{FAE04EC0-301F-11D3-BF4B-00C04F79EFBC}") = "Fun", "Fun\Fun.csproj", "{F7E2C2C7-52CB-4517-A2FD-0D3064C1520D}"
EndProject
Project("{FAE04EC0-301F-11D3-BF4B-00C04F79EFBC}") = "Heimdall", "..\Heimdall\Heimdall\Heimdall.csproj", "{C33F33F4-928B-46A5-8150-B2C642B800EA}"
EndProject
Project("{FAE04EC0-301F-11D3-BF4B-00C04F79EFBC}") = "Osiris", "..\Osiris\Osiris\Osiris.csproj", "{85D900B0-F2B3-4346-BDB6-814C688A421D}"
EndProject
Project("{FAE04EC0-301F-11D3-BF4B-00C04F79EFBC}") = "SharpChannel", "..\Old Projects\SharpChannel\SharpChannel\SharpChannel.csproj", "{B998D893-58A1-4878-B4D2-11DC3B41A5C8}"
EndProject
Global
	GlobalSection(SolutionConfigurationPlatforms) = preSolution
		Debug|Any CPU = Debug|Any CPU
		Release|Any CPU = Release|Any CPU
	EndGlobalSection
	GlobalSection(ProjectConfigurationPlatforms) = postSolution
		{F7E2C2C7-52CB-4517-A2FD-0D3064C1520D}.Debug|Any CPU.ActiveCfg = Debug|Any CPU
		{F7E2C2C7-52CB-4517-A2FD-0D3064C1520D}.Debug|Any CPU.Build.0 = Debug|Any CPU
		{F7E2C2C7-52CB-4517-A2FD-0D3064C1520D}.Release|Any CPU.ActiveCfg = Release|Any CPU
		{F7E2C2C7-52CB-4517-A2FD-0D3064C1520D}.Release|Any CPU.Build.0 = Release|Any CPU
		{C33F33F4-928B-46A5-8150-B2C642B800EA}.Debug|Any CPU.ActiveCfg = Debug|Any CPU
		{C33F33F4-928B-46A5-8150-B2C642B800EA}.Release|Any CPU.ActiveCfg = Release|Any CPU
		{C33F33F4-928B-46A5-8150-B2C642B800EA}.Release|Any CPU.Build.0 = Release|Any CPU
		{85D900B0-F2B3-4346-BDB6-814C688A421D}.Debug|Any CPU.ActiveCfg = Debug|Any CPU
		{85D900B0-F2B3-4346-BDB6-814C688A421D}.Release|Any CPU.ActiveCfg = Release|Any CPU
		{85D900B0-F2B3-4346-BDB6-814C688A421D}.Release|Any CPU.Build.0 = Release|Any CPU
		{B998D893-58A1-4878-B4D2-11DC3B41A5C8}.Debug|Any CPU.ActiveCfg = Debug|Any CPU
		{B998D893-58A1-4878-B4D2-11DC3B41A5C8}.Debug|Any CPU.Build.0 = Debug|Any CPU
		{B998D893-58A1-4878-B4D2-11DC3B41A5C8}.Release|Any CPU.ActiveCfg = Release|Any CPU
		{B998D893-58A1-4878-B4D2-11DC3B41A5C8}.Release|Any CPU.Build.0 = Release|Any CPU
	EndGlobalSection
	GlobalSection(SolutionProperties) = preSolution
		HideSolutionNode = FALSE
	EndGlobalSection
EndGlobal
